
Microsoft Visual Studio Solution File, Format Version 12.00
Project("{2150E333-8FDC-42A3-9474-1A3956D46DE8}") = "src", "src", "{827E0CD3-B72D-47B6-A68D-7590B98EB39B}"
EndProject
Project("{FAE04EC0-301F-11D3-BF4B-00C04F79EFBC}") = "Workplan.SharedKernel", "src\Workplan.SharedKernel\Workplan.SharedKernel.csproj", "{833C5B35-6451-4097-89C6-6844CB84F1FD}"
EndProject
Project("{FAE04EC0-301F-11D3-BF4B-00C04F79EFBC}") = "Workplan.Domain", "src\Workplan.Domain\Workplan.Domain.csproj", "{F2E2B673-033D-4C0F-92F8-06B45EBAC491}"
EndProject
Project("{FAE04EC0-301F-11D3-BF4B-00C04F79EFBC}") = "Workplan.Application", "src\Workplan.Application\Workplan.Application.csproj", "{53E83174-506D-4A7A-BAB8-1DE1F6DF50C3}"
EndProject
Project("{FAE04EC0-301F-11D3-BF4B-00C04F79EFBC}") = "Workplan.Infrastructure", "src\Workplan.Infrastructure\Workplan.Infrastructure.csproj", "{DC45A4CC-E8FB-4FDA-B407-CD6E8AF34B83}"
EndProject
Project("{FAE04EC0-301F-11D3-BF4B-00C04F79EFBC}") = "Workplan.WebApi", "src\Workplan.WebApi\Workplan.WebApi.csproj", "{BBE6C701-8701-43DA-9ECA-AB9D777B0486}"
EndProject
Project("{FAE04EC0-301F-11D3-BF4B-00C04F79EFBC}") = "Workplan.Client", "src\Workplan.Client\Workplan.Client.csproj", "{E567B7E7-253A-4AC0-9560-45D29A018427}"
EndProject
Project("{2150E333-8FDC-42A3-9474-1A3956D46DE8}") = "tests", "tests", "{0AB3BF05-4346-4AA6-1389-037BE0695223}"
EndProject
Project("{FAE04EC0-301F-11D3-BF4B-00C04F79EFBC}") = "Workplan.Application.Tests", "tests\Workplan.Application.Tests\Workplan.Application.Tests.csproj", "{EE4F6725-9329-490E-B799-CD51770DD84F}"
EndProject
Project("{FAE04EC0-301F-11D3-BF4B-00C04F79EFBC}") = "Workplan.Domain.Tests", "tests\Workplan.Domain.Tests\Workplan.Domain.Tests.csproj", "{CD45ECA7-415F-4B56-8B6B-C6D46503656B}"
EndProject
Project("{FAE04EC0-301F-11D3-BF4B-00C04F79EFBC}") = "Workplan.Integration.Tests", "tests\Workplan.Integration.Tests\Workplan.Integration.Tests.csproj", "{EE035DC7-674A-40BB-B1A4-D58D8CAAF22C}"
EndProject
Project("{FAE04EC0-301F-11D3-BF4B-00C04F79EFBC}") = "Workplan.WebApi.Tests", "tests\Workplan.WebApi.Tests\Workplan.WebApi.Tests.csproj", "{CFC93F53-531A-4B3F-8DEB-53890E698564}"
EndProject
Project("{FAE04EC0-301F-11D3-BF4B-00C04F79EFBC}") = "Workplan.Client.Tests", "tests\Workplan.Client.Tests\Workplan.Client.Tests.csproj", "{1185AA94-7469-4A23-B736-AFB7A626FC3B}"
EndProject
Project("{FAE04EC0-301F-11D3-BF4B-00C04F79EFBC}") = "Workplan.E2E.Tests", "tests\Workplan.E2E.Tests\Workplan.E2E.Tests.csproj", "{751B09D9-CAF0-4A89-BFE9-2EB828CAE824}"
EndProject
Global
	GlobalSection(SolutionConfigurationPlatforms) = preSolution
		Debug|Any CPU = Debug|Any CPU
		Debug|x64 = Debug|x64
		Debug|x86 = Debug|x86
		Release|Any CPU = Release|Any CPU
		Release|x64 = Release|x64
		Release|x86 = Release|x86
	EndGlobalSection
	GlobalSection(ProjectConfigurationPlatforms) = postSolution
		{833C5B35-6451-4097-89C6-6844CB84F1FD}.Debug|Any CPU.ActiveCfg = Debug|Any CPU
		{833C5B35-6451-4097-89C6-6844CB84F1FD}.Debug|Any CPU.Build.0 = Debug|Any CPU
		{833C5B35-6451-4097-89C6-6844CB84F1FD}.Debug|x64.ActiveCfg = Debug|Any CPU
		{833C5B35-6451-4097-89C6-6844CB84F1FD}.Debug|x64.Build.0 = Debug|Any CPU
		{833C5B35-6451-4097-89C6-6844CB84F1FD}.Debug|x86.ActiveCfg = Debug|Any CPU
		{833C5B35-6451-4097-89C6-6844CB84F1FD}.Debug|x86.Build.0 = Debug|Any CPU
		{833C5B35-6451-4097-89C6-6844CB84F1FD}.Release|Any CPU.ActiveCfg = Release|Any CPU
		{833C5B35-6451-4097-89C6-6844CB84F1FD}.Release|Any CPU.Build.0 = Release|Any CPU
		{833C5B35-6451-4097-89C6-6844CB84F1FD}.Release|x64.ActiveCfg = Release|Any CPU
		{833C5B35-6451-4097-89C6-6844CB84F1FD}.Release|x64.Build.0 = Release|Any CPU
		{833C5B35-6451-4097-89C6-6844CB84F1FD}.Release|x86.ActiveCfg = Release|Any CPU
		{833C5B35-6451-4097-89C6-6844CB84F1FD}.Release|x86.Build.0 = Release|Any CPU
		{F2E2B673-033D-4C0F-92F8-06B45EBAC491}.Debug|Any CPU.ActiveCfg = Debug|Any CPU
		{F2E2B673-033D-4C0F-92F8-06B45EBAC491}.Debug|Any CPU.Build.0 = Debug|Any CPU
		{F2E2B673-033D-4C0F-92F8-06B45EBAC491}.Debug|x64.ActiveCfg = Debug|Any CPU
		{F2E2B673-033D-4C0F-92F8-06B45EBAC491}.Debug|x64.Build.0 = Debug|Any CPU
		{F2E2B673-033D-4C0F-92F8-06B45EBAC491}.Debug|x86.ActiveCfg = Debug|Any CPU
		{F2E2B673-033D-4C0F-92F8-06B45EBAC491}.Debug|x86.Build.0 = Debug|Any CPU
		{F2E2B673-033D-4C0F-92F8-06B45EBAC491}.Release|Any CPU.ActiveCfg = Release|Any CPU
		{F2E2B673-033D-4C0F-92F8-06B45EBAC491}.Release|Any CPU.Build.0 = Release|Any CPU
		{F2E2B673-033D-4C0F-92F8-06B45EBAC491}.Release|x64.ActiveCfg = Release|Any CPU
		{F2E2B673-033D-4C0F-92F8-06B45EBAC491}.Release|x64.Build.0 = Release|Any CPU
		{F2E2B673-033D-4C0F-92F8-06B45EBAC491}.Release|x86.ActiveCfg = Release|Any CPU
		{F2E2B673-033D-4C0F-92F8-06B45EBAC491}.Release|x86.Build.0 = Release|Any CPU
		{53E83174-506D-4A7A-BAB8-1DE1F6DF50C3}.Debug|Any CPU.ActiveCfg = Debug|Any CPU
		{53E83174-506D-4A7A-BAB8-1DE1F6DF50C3}.Debug|Any CPU.Build.0 = Debug|Any CPU
		{53E83174-506D-4A7A-BAB8-1DE1F6DF50C3}.Debug|x64.ActiveCfg = Debug|Any CPU
		{53E83174-506D-4A7A-BAB8-1DE1F6DF50C3}.Debug|x64.Build.0 = Debug|Any CPU
		{53E83174-506D-4A7A-BAB8-1DE1F6DF50C3}.Debug|x86.ActiveCfg = Debug|Any CPU
		{53E83174-506D-4A7A-BAB8-1DE1F6DF50C3}.Debug|x86.Build.0 = Debug|Any CPU
		{53E83174-506D-4A7A-BAB8-1DE1F6DF50C3}.Release|Any CPU.ActiveCfg = Release|Any CPU
		{53E83174-506D-4A7A-BAB8-1DE1F6DF50C3}.Release|Any CPU.Build.0 = Release|Any CPU
		{53E83174-506D-4A7A-BAB8-1DE1F6DF50C3}.Release|x64.ActiveCfg = Release|Any CPU
		{53E83174-506D-4A7A-BAB8-1DE1F6DF50C3}.Release|x64.Build.0 = Release|Any CPU
		{53E83174-506D-4A7A-BAB8-1DE1F6DF50C3}.Release|x86.ActiveCfg = Release|Any CPU
		{53E83174-506D-4A7A-BAB8-1DE1F6DF50C3}.Release|x86.Build.0 = Release|Any CPU
		{DC45A4CC-E8FB-4FDA-B407-CD6E8AF34B83}.Debug|Any CPU.ActiveCfg = Debug|Any CPU
		{DC45A4CC-E8FB-4FDA-B407-CD6E8AF34B83}.Debug|Any CPU.Build.0 = Debug|Any CPU
		{DC45A4CC-E8FB-4FDA-B407-CD6E8AF34B83}.Debug|x64.ActiveCfg = Debug|Any CPU
		{DC45A4CC-E8FB-4FDA-B407-CD6E8AF34B83}.Debug|x64.Build.0 = Debug|Any CPU
		{DC45A4CC-E8FB-4FDA-B407-CD6E8AF34B83}.Debug|x86.ActiveCfg = Debug|Any CPU
		{DC45A4CC-E8FB-4FDA-B407-CD6E8AF34B83}.Debug|x86.Build.0 = Debug|Any CPU
		{DC45A4CC-E8FB-4FDA-B407-CD6E8AF34B83}.Release|Any CPU.ActiveCfg = Release|Any CPU
		{DC45A4CC-E8FB-4FDA-B407-CD6E8AF34B83}.Release|Any CPU.Build.0 = Release|Any CPU
		{DC45A4CC-E8FB-4FDA-B407-CD6E8AF34B83}.Release|x64.ActiveCfg = Release|Any CPU
		{DC45A4CC-E8FB-4FDA-B407-CD6E8AF34B83}.Release|x64.Build.0 = Release|Any CPU
		{DC45A4CC-E8FB-4FDA-B407-CD6E8AF34B83}.Release|x86.ActiveCfg = Release|Any CPU
		{DC45A4CC-E8FB-4FDA-B407-CD6E8AF34B83}.Release|x86.Build.0 = Release|Any CPU
		{BBE6C701-8701-43DA-9ECA-AB9D777B0486}.Debug|Any CPU.ActiveCfg = Debug|Any CPU
		{BBE6C701-8701-43DA-9ECA-AB9D777B0486}.Debug|Any CPU.Build.0 = Debug|Any CPU
		{BBE6C701-8701-43DA-9ECA-AB9D777B0486}.Debug|x64.ActiveCfg = Debug|Any CPU
		{BBE6C701-8701-43DA-9ECA-AB9D777B0486}.Debug|x64.Build.0 = Debug|Any CPU
		{BBE6C701-8701-43DA-9ECA-AB9D777B0486}.Debug|x86.ActiveCfg = Debug|Any CPU
		{BBE6C701-8701-43DA-9ECA-AB9D777B0486}.Debug|x86.Build.0 = Debug|Any CPU
		{BBE6C701-8701-43DA-9ECA-AB9D777B0486}.Release|Any CPU.ActiveCfg = Release|Any CPU
		{BBE6C701-8701-43DA-9ECA-AB9D777B0486}.Release|Any CPU.Build.0 = Release|Any CPU
		{BBE6C701-8701-43DA-9ECA-AB9D777B0486}.Release|x64.ActiveCfg = Release|Any CPU
		{BBE6C701-8701-43DA-9ECA-AB9D777B0486}.Release|x64.Build.0 = Release|Any CPU
		{BBE6C701-8701-43DA-9ECA-AB9D777B0486}.Release|x86.ActiveCfg = Release|Any CPU
		{BBE6C701-8701-43DA-9ECA-AB9D777B0486}.Release|x86.Build.0 = Release|Any CPU
		{E567B7E7-253A-4AC0-9560-45D29A018427}.Debug|Any CPU.ActiveCfg = Debug|Any CPU
		{E567B7E7-253A-4AC0-9560-45D29A018427}.Debug|Any CPU.Build.0 = Debug|Any CPU
		{E567B7E7-253A-4AC0-9560-45D29A018427}.Debug|x64.ActiveCfg = Debug|Any CPU
		{E567B7E7-253A-4AC0-9560-45D29A018427}.Debug|x64.Build.0 = Debug|Any CPU
		{E567B7E7-253A-4AC0-9560-45D29A018427}.Debug|x86.ActiveCfg = Debug|Any CPU
		{E567B7E7-253A-4AC0-9560-45D29A018427}.Debug|x86.Build.0 = Debug|Any CPU
		{E567B7E7-253A-4AC0-9560-45D29A018427}.Release|Any CPU.ActiveCfg = Release|Any CPU
		{E567B7E7-253A-4AC0-9560-45D29A018427}.Release|Any CPU.Build.0 = Release|Any CPU
		{E567B7E7-253A-4AC0-9560-45D29A018427}.Release|x64.ActiveCfg = Release|Any CPU
		{E567B7E7-253A-4AC0-9560-45D29A018427}.Release|x64.Build.0 = Release|Any CPU
		{E567B7E7-253A-4AC0-9560-45D29A018427}.Release|x86.ActiveCfg = Release|Any CPU
		{E567B7E7-253A-4AC0-9560-45D29A018427}.Release|x86.Build.0 = Release|Any CPU
		{EE4F6725-9329-490E-B799-CD51770DD84F}.Debug|Any CPU.ActiveCfg = Debug|Any CPU
		{EE4F6725-9329-490E-B799-CD51770DD84F}.Debug|Any CPU.Build.0 = Debug|Any CPU
		{EE4F6725-9329-490E-B799-CD51770DD84F}.Debug|x64.ActiveCfg = Debug|Any CPU
		{EE4F6725-9329-490E-B799-CD51770DD84F}.Debug|x64.Build.0 = Debug|Any CPU
		{EE4F6725-9329-490E-B799-CD51770DD84F}.Debug|x86.ActiveCfg = Debug|Any CPU
		{EE4F6725-9329-490E-B799-CD51770DD84F}.Debug|x86.Build.0 = Debug|Any CPU
		{EE4F6725-9329-490E-B799-CD51770DD84F}.Release|Any CPU.ActiveCfg = Release|Any CPU
		{EE4F6725-9329-490E-B799-CD51770DD84F}.Release|Any CPU.Build.0 = Release|Any CPU
		{EE4F6725-9329-490E-B799-CD51770DD84F}.Release|x64.ActiveCfg = Release|Any CPU
		{EE4F6725-9329-490E-B799-CD51770DD84F}.Release|x64.Build.0 = Release|Any CPU
		{EE4F6725-9329-490E-B799-CD51770DD84F}.Release|x86.ActiveCfg = Release|Any CPU
		{EE4F6725-9329-490E-B799-CD51770DD84F}.Release|x86.Build.0 = Release|Any CPU
		{CD45ECA7-415F-4B56-8B6B-C6D46503656B}.Debug|Any CPU.ActiveCfg = Debug|Any CPU
		{CD45ECA7-415F-4B56-8B6B-C6D46503656B}.Debug|Any CPU.Build.0 = Debug|Any CPU
		{CD45ECA7-415F-4B56-8B6B-C6D46503656B}.Debug|x64.ActiveCfg = Debug|Any CPU
		{CD45ECA7-415F-4B56-8B6B-C6D46503656B}.Debug|x64.Build.0 = Debug|Any CPU
		{CD45ECA7-415F-4B56-8B6B-C6D46503656B}.Debug|x86.ActiveCfg = Debug|Any CPU
		{CD45ECA7-415F-4B56-8B6B-C6D46503656B}.Debug|x86.Build.0 = Debug|Any CPU
		{CD45ECA7-415F-4B56-8B6B-C6D46503656B}.Release|Any CPU.ActiveCfg = Release|Any CPU
		{CD45ECA7-415F-4B56-8B6B-C6D46503656B}.Release|Any CPU.Build.0 = Release|Any CPU
		{CD45ECA7-415F-4B56-8B6B-C6D46503656B}.Release|x64.ActiveCfg = Release|Any CPU
		{CD45ECA7-415F-4B56-8B6B-C6D46503656B}.Release|x64.Build.0 = Release|Any CPU
		{CD45ECA7-415F-4B56-8B6B-C6D46503656B}.Release|x86.ActiveCfg = Release|Any CPU
		{CD45ECA7-415F-4B56-8B6B-C6D46503656B}.Release|x86.Build.0 = Release|Any CPU
		{EE035DC7-674A-40BB-B1A4-D58D8CAAF22C}.Debug|Any CPU.ActiveCfg = Debug|Any CPU
		{EE035DC7-674A-40BB-B1A4-D58D8CAAF22C}.Debug|Any CPU.Build.0 = Debug|Any CPU
		{EE035DC7-674A-40BB-B1A4-D58D8CAAF22C}.Debug|x64.ActiveCfg = Debug|Any CPU
		{EE035DC7-674A-40BB-B1A4-D58D8CAAF22C}.Debug|x64.Build.0 = Debug|Any CPU
		{EE035DC7-674A-40BB-B1A4-D58D8CAAF22C}.Debug|x86.ActiveCfg = Debug|Any CPU
		{EE035DC7-674A-40BB-B1A4-D58D8CAAF22C}.Debug|x86.Build.0 = Debug|Any CPU
		{EE035DC7-674A-40BB-B1A4-D58D8CAAF22C}.Release|Any CPU.ActiveCfg = Release|Any CPU
		{EE035DC7-674A-40BB-B1A4-D58D8CAAF22C}.Release|Any CPU.Build.0 = Release|Any CPU
		{EE035DC7-674A-40BB-B1A4-D58D8CAAF22C}.Release|x64.ActiveCfg = Release|Any CPU
		{EE035DC7-674A-40BB-B1A4-D58D8CAAF22C}.Release|x64.Build.0 = Release|Any CPU
		{EE035DC7-674A-40BB-B1A4-D58D8CAAF22C}.Release|x86.ActiveCfg = Release|Any CPU
		{EE035DC7-674A-40BB-B1A4-D58D8CAAF22C}.Release|x86.Build.0 = Release|Any CPU
		{CFC93F53-531A-4B3F-8DEB-53890E698564}.Debug|Any CPU.ActiveCfg = Debug|Any CPU
		{CFC93F53-531A-4B3F-8DEB-53890E698564}.Debug|Any CPU.Build.0 = Debug|Any CPU
		{CFC93F53-531A-4B3F-8DEB-53890E698564}.Debug|x64.ActiveCfg = Debug|Any CPU
		{CFC93F53-531A-4B3F-8DEB-53890E698564}.Debug|x64.Build.0 = Debug|Any CPU
		{CFC93F53-531A-4B3F-8DEB-53890E698564}.Debug|x86.ActiveCfg = Debug|Any CPU
		{CFC93F53-531A-4B3F-8DEB-53890E698564}.Debug|x86.Build.0 = Debug|Any CPU
		{CFC93F53-531A-4B3F-8DEB-53890E698564}.Release|Any CPU.ActiveCfg = Release|Any CPU
		{CFC93F53-531A-4B3F-8DEB-53890E698564}.Release|Any CPU.Build.0 = Release|Any CPU
		{CFC93F53-531A-4B3F-8DEB-53890E698564}.Release|x64.ActiveCfg = Release|Any CPU
		{CFC93F53-531A-4B3F-8DEB-53890E698564}.Release|x64.Build.0 = Release|Any CPU
		{CFC93F53-531A-4B3F-8DEB-53890E698564}.Release|x86.ActiveCfg = Release|Any CPU
		{CFC93F53-531A-4B3F-8DEB-53890E698564}.Release|x86.Build.0 = Release|Any CPU
		{1185AA94-7469-4A23-B736-AFB7A626FC3B}.Debug|Any CPU.ActiveCfg = Debug|Any CPU
		{1185AA94-7469-4A23-B736-AFB7A626FC3B}.Debug|Any CPU.Build.0 = Debug|Any CPU
		{1185AA94-7469-4A23-B736-AFB7A626FC3B}.Debug|x64.ActiveCfg = Debug|Any CPU
		{1185AA94-7469-4A23-B736-AFB7A626FC3B}.Debug|x64.Build.0 = Debug|Any CPU
		{1185AA94-7469-4A23-B736-AFB7A626FC3B}.Debug|x86.ActiveCfg = Debug|Any CPU
		{1185AA94-7469-4A23-B736-AFB7A626FC3B}.Debug|x86.Build.0 = Debug|Any CPU
		{1185AA94-7469-4A23-B736-AFB7A626FC3B}.Release|Any CPU.ActiveCfg = Release|Any CPU
		{1185AA94-7469-4A23-B736-AFB7A626FC3B}.Release|Any CPU.Build.0 = Release|Any CPU
		{1185AA94-7469-4A23-B736-AFB7A626FC3B}.Release|x64.ActiveCfg = Release|Any CPU
		{1185AA94-7469-4A23-B736-AFB7A626FC3B}.Release|x64.Build.0 = Release|Any CPU
		{1185AA94-7469-4A23-B736-AFB7A626FC3B}.Release|x86.ActiveCfg = Release|Any CPU
		{1185AA94-7469-4A23-B736-AFB7A626FC3B}.Release|x86.Build.0 = Release|Any CPU
		{751B09D9-CAF0-4A89-BFE9-2EB828CAE824}.Debug|Any CPU.ActiveCfg = Debug|Any CPU
		{751B09D9-CAF0-4A89-BFE9-2EB828CAE824}.Debug|Any CPU.Build.0 = Debug|Any CPU
		{751B09D9-CAF0-4A89-BFE9-2EB828CAE824}.Debug|x64.ActiveCfg = Debug|Any CPU
		{751B09D9-CAF0-4A89-BFE9-2EB828CAE824}.Debug|x64.Build.0 = Debug|Any CPU
		{751B09D9-CAF0-4A89-BFE9-2EB828CAE824}.Debug|x86.ActiveCfg = Debug|Any CPU
		{751B09D9-CAF0-4A89-BFE9-2EB828CAE824}.Debug|x86.Build.0 = Debug|Any CPU
		{751B09D9-CAF0-4A89-BFE9-2EB828CAE824}.Release|Any CPU.ActiveCfg = Release|Any CPU
		{751B09D9-CAF0-4A89-BFE9-2EB828CAE824}.Release|Any CPU.Build.0 = Release|Any CPU
		{751B09D9-CAF0-4A89-BFE9-2EB828CAE824}.Release|x64.ActiveCfg = Release|Any CPU
		{751B09D9-CAF0-4A89-BFE9-2EB828CAE824}.Release|x64.Build.0 = Release|Any CPU
		{751B09D9-CAF0-4A89-BFE9-2EB828CAE824}.Release|x86.ActiveCfg = Release|Any CPU
		{751B09D9-CAF0-4A89-BFE9-2EB828CAE824}.Release|x86.Build.0 = Release|Any CPU
	EndGlobalSection
	GlobalSection(SolutionProperties) = preSolution
		HideSolutionNode = FALSE
	EndGlobalSection
	GlobalSection(NestedProjects) = preSolution
		{833C5B35-6451-4097-89C6-6844CB84F1FD} = {827E0CD3-B72D-47B6-A68D-7590B98EB39B}
		{F2E2B673-033D-4C0F-92F8-06B45EBAC491} = {827E0CD3-B72D-47B6-A68D-7590B98EB39B}
		{53E83174-506D-4A7A-BAB8-1DE1F6DF50C3} = {827E0CD3-B72D-47B6-A68D-7590B98EB39B}
		{DC45A4CC-E8FB-4FDA-B407-CD6E8AF34B83} = {827E0CD3-B72D-47B6-A68D-7590B98EB39B}
		{BBE6C701-8701-43DA-9ECA-AB9D777B0486} = {827E0CD3-B72D-47B6-A68D-7590B98EB39B}
		{E567B7E7-253A-4AC0-9560-45D29A018427} = {827E0CD3-B72D-47B6-A68D-7590B98EB39B}
		{EE4F6725-9329-490E-B799-CD51770DD84F} = {0AB3BF05-4346-4AA6-1389-037BE0695223}
		{CD45ECA7-415F-4B56-8B6B-C6D46503656B} = {0AB3BF05-4346-4AA6-1389-037BE0695223}
		{EE035DC7-674A-40BB-B1A4-D58D8CAAF22C} = {0AB3BF05-4346-4AA6-1389-037BE0695223}
		{CFC93F53-531A-4B3F-8DEB-53890E698564} = {0AB3BF05-4346-4AA6-1389-037BE0695223}
		{1185AA94-7469-4A23-B736-AFB7A626FC3B} = {0AB3BF05-4346-4AA6-1389-037BE0695223}
		{751B09D9-CAF0-4A89-BFE9-2EB828CAE824} = {0AB3BF05-4346-4AA6-1389-037BE0695223}
	EndGlobalSection
EndGlobal
