
Microsoft Visual Studio Solution File, Format Version 12.00
Project("{2150E333-8FDC-42A3-9474-1A3956D46DE8}") = "src", "src", "{827E0CD3-B72D-47B6-A68D-7590B98EB39B}"
EndProject
Project("{FAE04EC0-301F-11D3-BF4B-00C04F79EFBC}") = "Workplan.SharedKernel", "src\Workplan.SharedKernel\Workplan.SharedKernel.csproj", "{833C5B35-6451-4097-89C6-6844CB84F1FD}"
EndProject
Project("{FAE04EC0-301F-11D3-BF4B-00C04F79EFBC}") = "Workplan.Domain", "src\Workplan.Domain\Workplan.Domain.csproj", "{F2E2B673-033D-4C0F-92F8-06B45EBAC491}"
EndProject
Project("{FAE04EC0-301F-11D3-BF4B-00C04F79EFBC}") = "Workplan.Application", "src\Workplan.Application\Workplan.Application.csproj", "{53E83174-506D-4A7A-BAB8-1DE1F6DF50C3}"
EndProject
Project("{FAE04EC0-301F-11D3-BF4B-00C04F79EFBC}") = "Workplan.Infrastructure", "src\Workplan.Infrastructure\Workplan.Infrastructure.csproj", "{DC45A4CC-E8FB-4FDA-B407-CD6E8AF34B83}"
EndProject
Project("{FAE04EC0-301F-11D3-BF4B-00C04F79EFBC}") = "Workplan.WebApi", "src\Workplan.WebApi\Workplan.WebApi.csproj", "{BBE6C701-8701-43DA-9ECA-AB9D777B0486}"
EndProject
Project("{FAE04EC0-301F-11D3-BF4B-00C04F79EFBC}") = "Workplan.Client", "src\Workplan.Client\Workplan.Client.csproj", "{E567B7E7-253A-4AC0-9560-45D29A018427}"
EndProject
Global
	GlobalSection(SolutionConfigurationPlatforms) = preSolution
		Debug|Any CPU = Debug|Any CPU
		Debug|x64 = Debug|x64
		Debug|x86 = Debug|x86
		Release|Any CPU = Release|Any CPU
		Release|x64 = Release|x64
		Release|x86 = Release|x86
	EndGlobalSection
	GlobalSection(ProjectConfigurationPlatforms) = postSolution
		{833C5B35-6451-4097-89C6-6844CB84F1FD}.Debug|Any CPU.ActiveCfg = Debug|Any CPU
		{833C5B35-6451-4097-89C6-6844CB84F1FD}.Debug|Any CPU.Build.0 = Debug|Any CPU
		{833C5B35-6451-4097-89C6-6844CB84F1FD}.Debug|x64.ActiveCfg = Debug|Any CPU
		{833C5B35-6451-4097-89C6-6844CB84F1FD}.Debug|x64.Build.0 = Debug|Any CPU
		{833C5B35-6451-4097-89C6-6844CB84F1FD}.Debug|x86.ActiveCfg = Debug|Any CPU
		{833C5B35-6451-4097-89C6-6844CB84F1FD}.Debug|x86.Build.0 = Debug|Any CPU
		{833C5B35-6451-4097-89C6-6844CB84F1FD}.Release|Any CPU.ActiveCfg = Release|Any CPU
		{833C5B35-6451-4097-89C6-6844CB84F1FD}.Release|Any CPU.Build.0 = Release|Any CPU
		{833C5B35-6451-4097-89C6-6844CB84F1FD}.Release|x64.ActiveCfg = Release|Any CPU
		{833C5B35-6451-4097-89C6-6844CB84F1FD}.Release|x64.Build.0 = Release|Any CPU
		{833C5B35-6451-4097-89C6-6844CB84F1FD}.Release|x86.ActiveCfg = Release|Any CPU
		{833C5B35-6451-4097-89C6-6844CB84F1FD}.Release|x86.Build.0 = Release|Any CPU
		{F2E2B673-033D-4C0F-92F8-06B45EBAC491}.Debug|Any CPU.ActiveCfg = Debug|Any CPU
		{F2E2B673-033D-4C0F-92F8-06B45EBAC491}.Debug|Any CPU.Build.0 = Debug|Any CPU
		{F2E2B673-033D-4C0F-92F8-06B45EBAC491}.Debug|x64.ActiveCfg = Debug|Any CPU
		{F2E2B673-033D-4C0F-92F8-06B45EBAC491}.Debug|x64.Build.0 = Debug|Any CPU
		{F2E2B673-033D-4C0F-92F8-06B45EBAC491}.Debug|x86.ActiveCfg = Debug|Any CPU
		{F2E2B673-033D-4C0F-92F8-06B45EBAC491}.Debug|x86.Build.0 = Debug|Any CPU
		{F2E2B673-033D-4C0F-92F8-06B45EBAC491}.Release|Any CPU.ActiveCfg = Release|Any CPU
		{F2E2B673-033D-4C0F-92F8-06B45EBAC491}.Release|Any CPU.Build.0 = Release|Any CPU
		{F2E2B673-033D-4C0F-92F8-06B45EBAC491}.Release|x64.ActiveCfg = Release|Any CPU
		{F2E2B673-033D-4C0F-92F8-06B45EBAC491}.Release|x64.Build.0 = Release|Any CPU
		{F2E2B673-033D-4C0F-92F8-06B45EBAC491}.Release|x86.ActiveCfg = Release|Any CPU
		{F2E2B673-033D-4C0F-92F8-06B45EBAC491}.Release|x86.Build.0 = Release|Any CPU
		{53E83174-506D-4A7A-BAB8-1DE1F6DF50C3}.Debug|Any CPU.ActiveCfg = Debug|Any CPU
		{53E83174-506D-4A7A-BAB8-1DE1F6DF50C3}.Debug|Any CPU.Build.0 = Debug|Any CPU
		{53E83174-506D-4A7A-BAB8-1DE1F6DF50C3}.Debug|x64.ActiveCfg = Debug|Any CPU
		{53E83174-506D-4A7A-BAB8-1DE1F6DF50C3}.Debug|x64.Build.0 = Debug|Any CPU
		{53E83174-506D-4A7A-BAB8-1DE1F6DF50C3}.Debug|x86.ActiveCfg = Debug|Any CPU
		{53E83174-506D-4A7A-BAB8-1DE1F6DF50C3}.Debug|x86.Build.0 = Debug|Any CPU
		{53E83174-506D-4A7A-BAB8-1DE1F6DF50C3}.Release|Any CPU.ActiveCfg = Release|Any CPU
		{53E83174-506D-4A7A-BAB8-1DE1F6DF50C3}.Release|Any CPU.Build.0 = Release|Any CPU
		{53E83174-506D-4A7A-BAB8-1DE1F6DF50C3}.Release|x64.ActiveCfg = Release|Any CPU
		{53E83174-506D-4A7A-BAB8-1DE1F6DF50C3}.Release|x64.Build.0 = Release|Any CPU
		{53E83174-506D-4A7A-BAB8-1DE1F6DF50C3}.Release|x86.ActiveCfg = Release|Any CPU
		{53E83174-506D-4A7A-BAB8-1DE1F6DF50C3}.Release|x86.Build.0 = Release|Any CPU
		{DC45A4CC-E8FB-4FDA-B407-CD6E8AF34B83}.Debug|Any CPU.ActiveCfg = Debug|Any CPU
		{DC45A4CC-E8FB-4FDA-B407-CD6E8AF34B83}.Debug|Any CPU.Build.0 = Debug|Any CPU
		{DC45A4CC-E8FB-4FDA-B407-CD6E8AF34B83}.Debug|x64.ActiveCfg = Debug|Any CPU
		{DC45A4CC-E8FB-4FDA-B407-CD6E8AF34B83}.Debug|x64.Build.0 = Debug|Any CPU
		{DC45A4CC-E8FB-4FDA-B407-CD6E8AF34B83}.Debug|x86.ActiveCfg = Debug|Any CPU
		{DC45A4CC-E8FB-4FDA-B407-CD6E8AF34B83}.Debug|x86.Build.0 = Debug|Any CPU
		{DC45A4CC-E8FB-4FDA-B407-CD6E8AF34B83}.Release|Any CPU.ActiveCfg = Release|Any CPU
		{DC45A4CC-E8FB-4FDA-B407-CD6E8AF34B83}.Release|Any CPU.Build.0 = Release|Any CPU
		{DC45A4CC-E8FB-4FDA-B407-CD6E8AF34B83}.Release|x64.ActiveCfg = Release|Any CPU
		{DC45A4CC-E8FB-4FDA-B407-CD6E8AF34B83}.Release|x64.Build.0 = Release|Any CPU
		{DC45A4CC-E8FB-4FDA-B407-CD6E8AF34B83}.Release|x86.ActiveCfg = Release|Any CPU
		{DC45A4CC-E8FB-4FDA-B407-CD6E8AF34B83}.Release|x86.Build.0 = Release|Any CPU
		{BBE6C701-8701-43DA-9ECA-AB9D777B0486}.Debug|Any CPU.ActiveCfg = Debug|Any CPU
		{BBE6C701-8701-43DA-9ECA-AB9D777B0486}.Debug|Any CPU.Build.0 = Debug|Any CPU
		{BBE6C701-8701-43DA-9ECA-AB9D777B0486}.Debug|x64.ActiveCfg = Debug|Any CPU
		{BBE6C701-8701-43DA-9ECA-AB9D777B0486}.Debug|x64.Build.0 = Debug|Any CPU
		{BBE6C701-8701-43DA-9ECA-AB9D777B0486}.Debug|x86.ActiveCfg = Debug|Any CPU
		{BBE6C701-8701-43DA-9ECA-AB9D777B0486}.Debug|x86.Build.0 = Debug|Any CPU
		{BBE6C701-8701-43DA-9ECA-AB9D777B0486}.Release|Any CPU.ActiveCfg = Release|Any CPU
		{BBE6C701-8701-43DA-9ECA-AB9D777B0486}.Release|Any CPU.Build.0 = Release|Any CPU
		{BBE6C701-8701-43DA-9ECA-AB9D777B0486}.Release|x64.ActiveCfg = Release|Any CPU
		{BBE6C701-8701-43DA-9ECA-AB9D777B0486}.Release|x64.Build.0 = Release|Any CPU
		{BBE6C701-8701-43DA-9ECA-AB9D777B0486}.Release|x86.ActiveCfg = Release|Any CPU
		{BBE6C701-8701-43DA-9ECA-AB9D777B0486}.Release|x86.Build.0 = Release|Any CPU
		{E567B7E7-253A-4AC0-9560-45D29A018427}.Debug|Any CPU.ActiveCfg = Debug|Any CPU
		{E567B7E7-253A-4AC0-9560-45D29A018427}.Debug|Any CPU.Build.0 = Debug|Any CPU
		{E567B7E7-253A-4AC0-9560-45D29A018427}.Debug|x64.ActiveCfg = Debug|Any CPU
		{E567B7E7-253A-4AC0-9560-45D29A018427}.Debug|x64.Build.0 = Debug|Any CPU
		{E567B7E7-253A-4AC0-9560-45D29A018427}.Debug|x86.ActiveCfg = Debug|Any CPU
		{E567B7E7-253A-4AC0-9560-45D29A018427}.Debug|x86.Build.0 = Debug|Any CPU
		{E567B7E7-253A-4AC0-9560-45D29A018427}.Release|Any CPU.ActiveCfg = Release|Any CPU
		{E567B7E7-253A-4AC0-9560-45D29A018427}.Release|Any CPU.Build.0 = Release|Any CPU
		{E567B7E7-253A-4AC0-9560-45D29A018427}.Release|x64.ActiveCfg = Release|Any CPU
		{E567B7E7-253A-4AC0-9560-45D29A018427}.Release|x64.Build.0 = Release|Any CPU
		{E567B7E7-253A-4AC0-9560-45D29A018427}.Release|x86.ActiveCfg = Release|Any CPU
		{E567B7E7-253A-4AC0-9560-45D29A018427}.Release|x86.Build.0 = Release|Any CPU
	EndGlobalSection
	GlobalSection(SolutionProperties) = preSolution
		HideSolutionNode = FALSE
	EndGlobalSection
	GlobalSection(NestedProjects) = preSolution
		{833C5B35-6451-4097-89C6-6844CB84F1FD} = {827E0CD3-B72D-47B6-A68D-7590B98EB39B}
		{F2E2B673-033D-4C0F-92F8-06B45EBAC491} = {827E0CD3-B72D-47B6-A68D-7590B98EB39B}
		{53E83174-506D-4A7A-BAB8-1DE1F6DF50C3} = {827E0CD3-B72D-47B6-A68D-7590B98EB39B}
		{DC45A4CC-E8FB-4FDA-B407-CD6E8AF34B83} = {827E0CD3-B72D-47B6-A68D-7590B98EB39B}
		{BBE6C701-8701-43DA-9ECA-AB9D777B0486} = {827E0CD3-B72D-47B6-A68D-7590B98EB39B}
		{E567B7E7-253A-4AC0-9560-45D29A018427} = {827E0CD3-B72D-47B6-A68D-7590B98EB39B}
	EndGlobalSection
EndGlobal
